// !$*UTF8*$!
{
	archiveVersion = 1;
	classes = {
	};
	objectVersion = 51;
	objects = {

/* Begin PBXBuildFile section */
		2084E51723CD1E330018358E /* LPErrorMessage.swift in Sources */ = {isa = PBXBuildFile; fileRef = 2084E51623CD1E330018358E /* LPErrorMessage.swift */; };
		2084E51C23CD1E6E0018358E /* String+Ext.swift in Sources */ = {isa = PBXBuildFile; fileRef = 2084E51A23CD1E6E0018358E /* String+Ext.swift */; };
		2084E51E23CD204F0018358E /* Logger.swift in Sources */ = {isa = PBXBuildFile; fileRef = 2084E51D23CD204F0018358E /* Logger.swift */; };
		2084E52023CD207D0018358E /* Date+Ext.swift in Sources */ = {isa = PBXBuildFile; fileRef = 2084E51F23CD207C0018358E /* Date+Ext.swift */; };
		2084E52223CD21930018358E /* LPErrorTraits.swift in Sources */ = {isa = PBXBuildFile; fileRef = 2084E52123CD21930018358E /* LPErrorTraits.swift */; };
		2084E52423CD22420018358E /* Localizable.strings in Resources */ = {isa = PBXBuildFile; fileRef = 2084E52323CD22420018358E /* Localizable.strings */; };
		2084E52823CD35E60018358E /* UIView+Ext.swift in Sources */ = {isa = PBXBuildFile; fileRef = 2084E52723CD35E60018358E /* UIView+Ext.swift */; };
		209BD17523D0232A009E4E85 /* 709e38db7637c2bd20f35073a96a45cc.JPG in Resources */ = {isa = PBXBuildFile; fileRef = 209BD17323D0232A009E4E85 /* 709e38db7637c2bd20f35073a96a45cc.JPG */; };
		209BD17623D0232A009E4E85 /* 12e56c1d1137fb114e360b7a9970f3f9.JPG in Resources */ = {isa = PBXBuildFile; fileRef = 209BD17423D0232A009E4E85 /* 12e56c1d1137fb114e360b7a9970f3f9.JPG */; };
		20DEF55C23CFA3AB00560EF0 /* 709e38db7637c2bd20f35073a96a45cc.mov in Resources */ = {isa = PBXBuildFile; fileRef = 20DEF55823CFA3AB00560EF0 /* 709e38db7637c2bd20f35073a96a45cc.mov */; };
		20DEF55D23CFA3AB00560EF0 /* 12e56c1d1137fb114e360b7a9970f3f9.mov in Resources */ = {isa = PBXBuildFile; fileRef = 20DEF55923CFA3AB00560EF0 /* 12e56c1d1137fb114e360b7a9970f3f9.mov */; };
		97179CF223DDE68500625DA8 /* LPManagePhotoView.swift in Sources */ = {isa = PBXBuildFile; fileRef = 97179CF123DDE68500625DA8 /* LPManagePhotoView.swift */; };
		97179CF423DDE68B00625DA8 /* LPManagePhotoView.xib in Resources */ = {isa = PBXBuildFile; fileRef = 97179CF323DDE68B00625DA8 /* LPManagePhotoView.xib */; };
		97179CF623DDEC5E00625DA8 /* LPHomeViewModelAble.swift in Sources */ = {isa = PBXBuildFile; fileRef = 97179CF523DDEC5E00625DA8 /* LPHomeViewModelAble.swift */; };
		97348FFD23CB5391006D8F16 /* AppDelegate.swift in Sources */ = {isa = PBXBuildFile; fileRef = 97348FFC23CB5391006D8F16 /* AppDelegate.swift */; };
		9734900623CB5393006D8F16 /* Assets.xcassets in Resources */ = {isa = PBXBuildFile; fileRef = 9734900523CB5393006D8F16 /* Assets.xcassets */; };
		9734900923CB5393006D8F16 /* LaunchScreen.storyboard in Resources */ = {isa = PBXBuildFile; fileRef = 9734900723CB5393006D8F16 /* LaunchScreen.storyboard */; };
		9734901123CB5672006D8F16 /* LPBaseViewController.swift in Sources */ = {isa = PBXBuildFile; fileRef = 9734901023CB5672006D8F16 /* LPBaseViewController.swift */; };
		975BE5E423DDC16E0003AD38 /* LPPhotosRepository.swift in Sources */ = {isa = PBXBuildFile; fileRef = 975BE5E323DDC16E0003AD38 /* LPPhotosRepository.swift */; };
		975BE5EE23DDCD880003AD38 /* UICollectionView+Ext.swift in Sources */ = {isa = PBXBuildFile; fileRef = 975BE5ED23DDCD880003AD38 /* UICollectionView+Ext.swift */; };
		975BE5FD23DDDC5F0003AD38 /* LPHomeViewModel.swift in Sources */ = {isa = PBXBuildFile; fileRef = 975BE5F323DDDC5F0003AD38 /* LPHomeViewModel.swift */; };
		975BE5FE23DDDC5F0003AD38 /* LPLivePhotoView.swift in Sources */ = {isa = PBXBuildFile; fileRef = 975BE5F423DDDC5F0003AD38 /* LPLivePhotoView.swift */; };
		975BE5FF23DDDC5F0003AD38 /* LPPhotoViewCell.swift in Sources */ = {isa = PBXBuildFile; fileRef = 975BE5F723DDDC5F0003AD38 /* LPPhotoViewCell.swift */; };
		975BE60023DDDC5F0003AD38 /* LPPhotoViewCell.xib in Resources */ = {isa = PBXBuildFile; fileRef = 975BE5F823DDDC5F0003AD38 /* LPPhotoViewCell.xib */; };
		975BE60123DDDC5F0003AD38 /* LPHomeViewController.xib in Resources */ = {isa = PBXBuildFile; fileRef = 975BE5F923DDDC5F0003AD38 /* LPHomeViewController.xib */; };
		975BE60223DDDC5F0003AD38 /* LPHomeRootView.swift in Sources */ = {isa = PBXBuildFile; fileRef = 975BE5FA23DDDC5F0003AD38 /* LPHomeRootView.swift */; };
		975BE60323DDDC5F0003AD38 /* LPHomeViewController.swift in Sources */ = {isa = PBXBuildFile; fileRef = 975BE5FB23DDDC5F0003AD38 /* LPHomeViewController.swift */; };
		975BE60423DDDC5F0003AD38 /* LPHomeDependencyContainer.swift in Sources */ = {isa = PBXBuildFile; fileRef = 975BE5FC23DDDC5F0003AD38 /* LPHomeDependencyContainer.swift */; };
		97A4691923DC7C5700B26733 /* LPLivePhotoError.swift in Sources */ = {isa = PBXBuildFile; fileRef = 97A4691823DC7C5700B26733 /* LPLivePhotoError.swift */; };
		97A4691B23DC7DC900B26733 /* LPPhotosStorage.swift in Sources */ = {isa = PBXBuildFile; fileRef = 97A4691A23DC7DC900B26733 /* LPPhotosStorage.swift */; };
		97A4691E23DC7DF800B26733 /* LPLocalPhotosStorage.swift in Sources */ = {isa = PBXBuildFile; fileRef = 97A4691D23DC7DF800B26733 /* LPLocalPhotosStorage.swift */; };
		97A4692223DC846F00B26733 /* LSAssetsList.plist in Resources */ = {isa = PBXBuildFile; fileRef = 97A4692123DC846F00B26733 /* LSAssetsList.plist */; };
		97A4692823DC9A2A00B26733 /* LivePhoto.swift in Sources */ = {isa = PBXBuildFile; fileRef = 97A4692723DC9A2900B26733 /* LivePhoto.swift */; };
		97A4692A23DC9EB000B26733 /* LPConstants.swift in Sources */ = {isa = PBXBuildFile; fileRef = 97A4692923DC9EB000B26733 /* LPConstants.swift */; };
		97C4474823CB663D009F22B5 /* LPRootableViewController.swift in Sources */ = {isa = PBXBuildFile; fileRef = 97C4474723CB663D009F22B5 /* LPRootableViewController.swift */; };
		97C4474F23CB66E7009F22B5 /* LPBaseView.swift in Sources */ = {isa = PBXBuildFile; fileRef = 97C4474E23CB66E7009F22B5 /* LPBaseView.swift */; };
		97C4475823CB84F1009F22B5 /* LPPhotosService.swift in Sources */ = {isa = PBXBuildFile; fileRef = 97C4475723CB84F1009F22B5 /* LPPhotosService.swift */; };
		97C4475A23CB870E009F22B5 /* LPLiveAsset.swift in Sources */ = {isa = PBXBuildFile; fileRef = 97C4475923CB870E009F22B5 /* LPLiveAsset.swift */; };
		97C4475F23CB8743009F22B5 /* LPLocalLivePhotosService.swift in Sources */ = {isa = PBXBuildFile; fileRef = 97C4475E23CB8743009F22B5 /* LPLocalLivePhotosService.swift */; };
		97C4476123CB8A05009F22B5 /* LPBaseNavigationController.swift in Sources */ = {isa = PBXBuildFile; fileRef = 97C4476023CB8A05009F22B5 /* LPBaseNavigationController.swift */; };
		97C4476523CB8DD1009F22B5 /* UIViewController+Ext.swift in Sources */ = {isa = PBXBuildFile; fileRef = 97C4476423CB8DD1009F22B5 /* UIViewController+Ext.swift */; };
		FE5EDBC4515B1D47DADD5D77 /* Pods_LivePhotos.framework in Frameworks */ = {isa = PBXBuildFile; fileRef = E93C2C2BBF715A3EAF7BA74D /* Pods_LivePhotos.framework */; };
/* End PBXBuildFile section */

/* Begin PBXFileReference section */
		2084E51623CD1E330018358E /* LPErrorMessage.swift */ = {isa = PBXFileReference; lastKnownFileType = sourcecode.swift; path = LPErrorMessage.swift; sourceTree = "<group>"; };
		2084E51A23CD1E6E0018358E /* String+Ext.swift */ = {isa = PBXFileReference; fileEncoding = 4; lastKnownFileType = sourcecode.swift; path = "String+Ext.swift"; sourceTree = "<group>"; };
		2084E51D23CD204F0018358E /* Logger.swift */ = {isa = PBXFileReference; fileEncoding = 4; lastKnownFileType = sourcecode.swift; path = Logger.swift; sourceTree = "<group>"; };
		2084E51F23CD207C0018358E /* Date+Ext.swift */ = {isa = PBXFileReference; fileEncoding = 4; lastKnownFileType = sourcecode.swift; path = "Date+Ext.swift"; sourceTree = "<group>"; };
		2084E52123CD21930018358E /* LPErrorTraits.swift */ = {isa = PBXFileReference; lastKnownFileType = sourcecode.swift; path = LPErrorTraits.swift; sourceTree = "<group>"; };
		2084E52323CD22420018358E /* Localizable.strings */ = {isa = PBXFileReference; lastKnownFileType = text.plist.strings; path = Localizable.strings; sourceTree = "<group>"; };
		2084E52723CD35E60018358E /* UIView+Ext.swift */ = {isa = PBXFileReference; fileEncoding = 4; lastKnownFileType = sourcecode.swift; path = "UIView+Ext.swift"; sourceTree = "<group>"; };
		209BD17323D0232A009E4E85 /* 709e38db7637c2bd20f35073a96a45cc.JPG */ = {isa = PBXFileReference; lastKnownFileType = image.jpeg; path = 709e38db7637c2bd20f35073a96a45cc.JPG; sourceTree = "<group>"; };
		209BD17423D0232A009E4E85 /* 12e56c1d1137fb114e360b7a9970f3f9.JPG */ = {isa = PBXFileReference; lastKnownFileType = image.jpeg; path = 12e56c1d1137fb114e360b7a9970f3f9.JPG; sourceTree = "<group>"; };
		20DEF55823CFA3AB00560EF0 /* 709e38db7637c2bd20f35073a96a45cc.mov */ = {isa = PBXFileReference; lastKnownFileType = video.quicktime; path = 709e38db7637c2bd20f35073a96a45cc.mov; sourceTree = "<group>"; };
		20DEF55923CFA3AB00560EF0 /* 12e56c1d1137fb114e360b7a9970f3f9.mov */ = {isa = PBXFileReference; lastKnownFileType = video.quicktime; path = 12e56c1d1137fb114e360b7a9970f3f9.mov; sourceTree = "<group>"; };
		97179CF123DDE68500625DA8 /* LPManagePhotoView.swift */ = {isa = PBXFileReference; lastKnownFileType = sourcecode.swift; path = LPManagePhotoView.swift; sourceTree = "<group>"; };
		97179CF323DDE68B00625DA8 /* LPManagePhotoView.xib */ = {isa = PBXFileReference; lastKnownFileType = file.xib; path = LPManagePhotoView.xib; sourceTree = "<group>"; };
		97179CF523DDEC5E00625DA8 /* LPHomeViewModelAble.swift */ = {isa = PBXFileReference; lastKnownFileType = sourcecode.swift; path = LPHomeViewModelAble.swift; sourceTree = "<group>"; };
		97348FF923CB5391006D8F16 /* LivePhotos.app */ = {isa = PBXFileReference; explicitFileType = wrapper.application; includeInIndex = 0; path = LivePhotos.app; sourceTree = BUILT_PRODUCTS_DIR; };
		97348FFC23CB5391006D8F16 /* AppDelegate.swift */ = {isa = PBXFileReference; lastKnownFileType = sourcecode.swift; path = AppDelegate.swift; sourceTree = "<group>"; };
		9734900523CB5393006D8F16 /* Assets.xcassets */ = {isa = PBXFileReference; lastKnownFileType = folder.assetcatalog; path = Assets.xcassets; sourceTree = "<group>"; };
		9734900823CB5393006D8F16 /* Base */ = {isa = PBXFileReference; lastKnownFileType = file.storyboard; name = Base; path = Base.lproj/LaunchScreen.storyboard; sourceTree = "<group>"; };
		9734900A23CB5393006D8F16 /* Info.plist */ = {isa = PBXFileReference; lastKnownFileType = text.plist.xml; path = Info.plist; sourceTree = "<group>"; };
		9734901023CB5672006D8F16 /* LPBaseViewController.swift */ = {isa = PBXFileReference; lastKnownFileType = sourcecode.swift; path = LPBaseViewController.swift; sourceTree = "<group>"; };
		975BE5E323DDC16E0003AD38 /* LPPhotosRepository.swift */ = {isa = PBXFileReference; lastKnownFileType = sourcecode.swift; path = LPPhotosRepository.swift; sourceTree = "<group>"; };
		975BE5ED23DDCD880003AD38 /* UICollectionView+Ext.swift */ = {isa = PBXFileReference; fileEncoding = 4; lastKnownFileType = sourcecode.swift; path = "UICollectionView+Ext.swift"; sourceTree = "<group>"; };
		975BE5F323DDDC5F0003AD38 /* LPHomeViewModel.swift */ = {isa = PBXFileReference; fileEncoding = 4; lastKnownFileType = sourcecode.swift; path = LPHomeViewModel.swift; sourceTree = "<group>"; };
		975BE5F423DDDC5F0003AD38 /* LPLivePhotoView.swift */ = {isa = PBXFileReference; fileEncoding = 4; lastKnownFileType = sourcecode.swift; path = LPLivePhotoView.swift; sourceTree = "<group>"; };
		975BE5F723DDDC5F0003AD38 /* LPPhotoViewCell.swift */ = {isa = PBXFileReference; fileEncoding = 4; lastKnownFileType = sourcecode.swift; path = LPPhotoViewCell.swift; sourceTree = "<group>"; };
		975BE5F823DDDC5F0003AD38 /* LPPhotoViewCell.xib */ = {isa = PBXFileReference; fileEncoding = 4; lastKnownFileType = file.xib; path = LPPhotoViewCell.xib; sourceTree = "<group>"; };
		975BE5F923DDDC5F0003AD38 /* LPHomeViewController.xib */ = {isa = PBXFileReference; fileEncoding = 4; lastKnownFileType = file.xib; path = LPHomeViewController.xib; sourceTree = "<group>"; };
		975BE5FA23DDDC5F0003AD38 /* LPHomeRootView.swift */ = {isa = PBXFileReference; fileEncoding = 4; lastKnownFileType = sourcecode.swift; path = LPHomeRootView.swift; sourceTree = "<group>"; };
		975BE5FB23DDDC5F0003AD38 /* LPHomeViewController.swift */ = {isa = PBXFileReference; fileEncoding = 4; lastKnownFileType = sourcecode.swift; path = LPHomeViewController.swift; sourceTree = "<group>"; };
		975BE5FC23DDDC5F0003AD38 /* LPHomeDependencyContainer.swift */ = {isa = PBXFileReference; fileEncoding = 4; lastKnownFileType = sourcecode.swift; path = LPHomeDependencyContainer.swift; sourceTree = "<group>"; };
		97A4691823DC7C5700B26733 /* LPLivePhotoError.swift */ = {isa = PBXFileReference; lastKnownFileType = sourcecode.swift; path = LPLivePhotoError.swift; sourceTree = "<group>"; };
		97A4691A23DC7DC900B26733 /* LPPhotosStorage.swift */ = {isa = PBXFileReference; lastKnownFileType = sourcecode.swift; path = LPPhotosStorage.swift; sourceTree = "<group>"; };
		97A4691D23DC7DF800B26733 /* LPLocalPhotosStorage.swift */ = {isa = PBXFileReference; lastKnownFileType = sourcecode.swift; path = LPLocalPhotosStorage.swift; sourceTree = "<group>"; };
		97A4692123DC846F00B26733 /* LSAssetsList.plist */ = {isa = PBXFileReference; lastKnownFileType = text.plist.xml; path = LSAssetsList.plist; sourceTree = "<group>"; };
		97A4692723DC9A2900B26733 /* LivePhoto.swift */ = {isa = PBXFileReference; fileEncoding = 4; lastKnownFileType = sourcecode.swift; path = LivePhoto.swift; sourceTree = "<group>"; };
		97A4692923DC9EB000B26733 /* LPConstants.swift */ = {isa = PBXFileReference; lastKnownFileType = sourcecode.swift; path = LPConstants.swift; sourceTree = "<group>"; };
		97C4474723CB663D009F22B5 /* LPRootableViewController.swift */ = {isa = PBXFileReference; lastKnownFileType = sourcecode.swift; path = LPRootableViewController.swift; sourceTree = "<group>"; };
		97C4474E23CB66E7009F22B5 /* LPBaseView.swift */ = {isa = PBXFileReference; lastKnownFileType = sourcecode.swift; path = LPBaseView.swift; sourceTree = "<group>"; };
		97C4475723CB84F1009F22B5 /* LPPhotosService.swift */ = {isa = PBXFileReference; lastKnownFileType = sourcecode.swift; path = LPPhotosService.swift; sourceTree = "<group>"; };
		97C4475923CB870E009F22B5 /* LPLiveAsset.swift */ = {isa = PBXFileReference; lastKnownFileType = sourcecode.swift; path = LPLiveAsset.swift; sourceTree = "<group>"; };
		97C4475E23CB8743009F22B5 /* LPLocalLivePhotosService.swift */ = {isa = PBXFileReference; lastKnownFileType = sourcecode.swift; path = LPLocalLivePhotosService.swift; sourceTree = "<group>"; };
		97C4476023CB8A05009F22B5 /* LPBaseNavigationController.swift */ = {isa = PBXFileReference; lastKnownFileType = sourcecode.swift; path = LPBaseNavigationController.swift; sourceTree = "<group>"; };
		97C4476423CB8DD1009F22B5 /* UIViewController+Ext.swift */ = {isa = PBXFileReference; fileEncoding = 4; lastKnownFileType = sourcecode.swift; path = "UIViewController+Ext.swift"; sourceTree = "<group>"; };
		A4BC692A31E3AB01F869D540 /* Pods-LivePhotos.release.xcconfig */ = {isa = PBXFileReference; includeInIndex = 1; lastKnownFileType = text.xcconfig; name = "Pods-LivePhotos.release.xcconfig"; path = "Target Support Files/Pods-LivePhotos/Pods-LivePhotos.release.xcconfig"; sourceTree = "<group>"; };
		E0E2867EC957F36950B337D3 /* Pods-LivePhotos.debug.xcconfig */ = {isa = PBXFileReference; includeInIndex = 1; lastKnownFileType = text.xcconfig; name = "Pods-LivePhotos.debug.xcconfig"; path = "Target Support Files/Pods-LivePhotos/Pods-LivePhotos.debug.xcconfig"; sourceTree = "<group>"; };
		E93C2C2BBF715A3EAF7BA74D /* Pods_LivePhotos.framework */ = {isa = PBXFileReference; explicitFileType = wrapper.framework; includeInIndex = 0; path = Pods_LivePhotos.framework; sourceTree = BUILT_PRODUCTS_DIR; };
/* End PBXFileReference section */

/* Begin PBXFrameworksBuildPhase section */
		97348FF623CB5391006D8F16 /* Frameworks */ = {
			isa = PBXFrameworksBuildPhase;
			buildActionMask = 2147483647;
			files = (
				FE5EDBC4515B1D47DADD5D77 /* Pods_LivePhotos.framework in Frameworks */,
			);
			runOnlyForDeploymentPostprocessing = 0;
		};
/* End PBXFrameworksBuildPhase section */

/* Begin PBXGroup section */
		2084E51823CD1E6E0018358E /* Foundation */ = {
			isa = PBXGroup;
			children = (
				2084E51A23CD1E6E0018358E /* String+Ext.swift */,
				2084E51F23CD207C0018358E /* Date+Ext.swift */,
			);
			path = Foundation;
			sourceTree = "<group>";
		};
		97179CEF23DDE5DE00625DA8 /* CustomUI */ = {
			isa = PBXGroup;
			children = (
				975BE5F423DDDC5F0003AD38 /* LPLivePhotoView.swift */,
			);
			path = CustomUI;
			sourceTree = "<group>";
		};
		97179CF023DDE65800625DA8 /* ManagePhotoView */ = {
			isa = PBXGroup;
			children = (
				97179CF123DDE68500625DA8 /* LPManagePhotoView.swift */,
				97179CF323DDE68B00625DA8 /* LPManagePhotoView.xib */,
			);
			path = ManagePhotoView;
			sourceTree = "<group>";
		};
		97348FF023CB5391006D8F16 = {
			isa = PBXGroup;
			children = (
				97348FFB23CB5391006D8F16 /* LivePhotos */,
				97348FFA23CB5391006D8F16 /* Products */,
				FADFC10002E9B5F9C56FF158 /* Pods */,
				D8BA24D165687922A31E8919 /* Frameworks */,
			);
			sourceTree = "<group>";
		};
		97348FFA23CB5391006D8F16 /* Products */ = {
			isa = PBXGroup;
			children = (
				97348FF923CB5391006D8F16 /* LivePhotos.app */,
			);
			name = Products;
			sourceTree = "<group>";
		};
		97348FFB23CB5391006D8F16 /* LivePhotos */ = {
			isa = PBXGroup;
			children = (
				97A4692623DC9A2900B26733 /* ThirdLibraries */,
				9734901423CB57DF006D8F16 /* Sources */,
				9734901323CB57D0006D8F16 /* Resources */,
			);
			path = LivePhotos;
			sourceTree = "<group>";
		};
		9734901223CB57AB006D8F16 /* Screens */ = {
			isa = PBXGroup;
			children = (
				9734900723CB5393006D8F16 /* LaunchScreen.storyboard */,
				97C4474923CB6642009F22B5 /* Base */,
				975BE5F123DDDC5F0003AD38 /* Home */,
			);
			path = Screens;
			sourceTree = "<group>";
		};
		9734901323CB57D0006D8F16 /* Resources */ = {
			isa = PBXGroup;
			children = (
				97A4692323DC905000B26733 /* LS */,
				9734900523CB5393006D8F16 /* Assets.xcassets */,
				9734900A23CB5393006D8F16 /* Info.plist */,
				2084E52323CD22420018358E /* Localizable.strings */,
				97A4692123DC846F00B26733 /* LSAssetsList.plist */,
			);
			path = Resources;
			sourceTree = "<group>";
		};
		9734901423CB57DF006D8F16 /* Sources */ = {
			isa = PBXGroup;
			children = (
				97348FFC23CB5391006D8F16 /* AppDelegate.swift */,
				2084E51D23CD204F0018358E /* Logger.swift */,
				97A4692923DC9EB000B26733 /* LPConstants.swift */,
				97179CEF23DDE5DE00625DA8 /* CustomUI */,
				9734901223CB57AB006D8F16 /* Screens */,
				97C4475623CB8497009F22B5 /* DataLayer */,
				97C4476223CB8DA0009F22B5 /* Extensions */,
			);
			path = Sources;
			sourceTree = "<group>";
		};
		975BE5F123DDDC5F0003AD38 /* Home */ = {
			isa = PBXGroup;
			children = (
				975BE5FC23DDDC5F0003AD38 /* LPHomeDependencyContainer.swift */,
				975BE5F523DDDC5F0003AD38 /* View */,
				975BE5F223DDDC5F0003AD38 /* ViewModel */,
			);
			name = Home;
			path = LivePhotos/Sources/Screens/Home;
			sourceTree = SOURCE_ROOT;
		};
		975BE5F223DDDC5F0003AD38 /* ViewModel */ = {
			isa = PBXGroup;
			children = (
				97179CF523DDEC5E00625DA8 /* LPHomeViewModelAble.swift */,
				975BE5F323DDDC5F0003AD38 /* LPHomeViewModel.swift */,
			);
			path = ViewModel;
			sourceTree = "<group>";
		};
		975BE5F523DDDC5F0003AD38 /* View */ = {
			isa = PBXGroup;
			children = (
				97179CF023DDE65800625DA8 /* ManagePhotoView */,
				975BE5F623DDDC5F0003AD38 /* PhotoCell */,
				975BE5FA23DDDC5F0003AD38 /* LPHomeRootView.swift */,
				975BE5FB23DDDC5F0003AD38 /* LPHomeViewController.swift */,
				975BE5F923DDDC5F0003AD38 /* LPHomeViewController.xib */,
			);
			path = View;
			sourceTree = "<group>";
		};
		975BE5F623DDDC5F0003AD38 /* PhotoCell */ = {
			isa = PBXGroup;
			children = (
				975BE5F723DDDC5F0003AD38 /* LPPhotoViewCell.swift */,
				975BE5F823DDDC5F0003AD38 /* LPPhotoViewCell.xib */,
			);
			path = PhotoCell;
			sourceTree = "<group>";
		};
		97A4691C23DC7DCF00B26733 /* Storage */ = {
			isa = PBXGroup;
			children = (
				97A4691A23DC7DC900B26733 /* LPPhotosStorage.swift */,
				97A4691D23DC7DF800B26733 /* LPLocalPhotosStorage.swift */,
			);
			path = Storage;
			sourceTree = "<group>";
		};
		97A4692323DC905000B26733 /* LS */ = {
			isa = PBXGroup;
			children = (
				209BD17323D0232A009E4E85 /* 709e38db7637c2bd20f35073a96a45cc.JPG */,
				209BD17423D0232A009E4E85 /* 12e56c1d1137fb114e360b7a9970f3f9.JPG */,
				20DEF55823CFA3AB00560EF0 /* 709e38db7637c2bd20f35073a96a45cc.mov */,
				20DEF55923CFA3AB00560EF0 /* 12e56c1d1137fb114e360b7a9970f3f9.mov */,
			);
			path = LS;
			sourceTree = "<group>";
		};
		97A4692623DC9A2900B26733 /* ThirdLibraries */ = {
			isa = PBXGroup;
			children = (
				97A4692723DC9A2900B26733 /* LivePhoto.swift */,
			);
			path = ThirdLibraries;
			sourceTree = "<group>";
		};
		97C4474923CB6642009F22B5 /* Base */ = {
			isa = PBXGroup;
			children = (
				97C4474E23CB66E7009F22B5 /* LPBaseView.swift */,
				9734901023CB5672006D8F16 /* LPBaseViewController.swift */,
				97C4474723CB663D009F22B5 /* LPRootableViewController.swift */,
				97C4476023CB8A05009F22B5 /* LPBaseNavigationController.swift */,
				2084E51623CD1E330018358E /* LPErrorMessage.swift */,
				2084E52123CD21930018358E /* LPErrorTraits.swift */,
			);
			path = Base;
			sourceTree = "<group>";
		};
		97C4475623CB8497009F22B5 /* DataLayer */ = {
			isa = PBXGroup;
			children = (
				97C4475923CB870E009F22B5 /* LPLiveAsset.swift */,
				97A4691823DC7C5700B26733 /* LPLivePhotoError.swift */,
				975BE5E323DDC16E0003AD38 /* LPPhotosRepository.swift */,
				97A4691C23DC7DCF00B26733 /* Storage */,
				97C4475B23CB8726009F22B5 /* Photos */,
			);
			path = DataLayer;
			sourceTree = "<group>";
		};
		97C4475B23CB8726009F22B5 /* Photos */ = {
			isa = PBXGroup;
			children = (
				97C4475723CB84F1009F22B5 /* LPPhotosService.swift */,
				97C4475E23CB8743009F22B5 /* LPLocalLivePhotosService.swift */,
			);
			path = Photos;
			sourceTree = "<group>";
		};
		97C4476223CB8DA0009F22B5 /* Extensions */ = {
			isa = PBXGroup;
			children = (
				2084E51823CD1E6E0018358E /* Foundation */,
				97C4476323CB8DB5009F22B5 /* UIKit */,
			);
			path = Extensions;
			sourceTree = "<group>";
		};
		97C4476323CB8DB5009F22B5 /* UIKit */ = {
			isa = PBXGroup;
			children = (
				975BE5ED23DDCD880003AD38 /* UICollectionView+Ext.swift */,
				2084E52723CD35E60018358E /* UIView+Ext.swift */,
				97C4476423CB8DD1009F22B5 /* UIViewController+Ext.swift */,
			);
			path = UIKit;
			sourceTree = "<group>";
		};
		D8BA24D165687922A31E8919 /* Frameworks */ = {
			isa = PBXGroup;
			children = (
				E93C2C2BBF715A3EAF7BA74D /* Pods_LivePhotos.framework */,
			);
			name = Frameworks;
			sourceTree = "<group>";
		};
		FADFC10002E9B5F9C56FF158 /* Pods */ = {
			isa = PBXGroup;
			children = (
				E0E2867EC957F36950B337D3 /* Pods-LivePhotos.debug.xcconfig */,
				A4BC692A31E3AB01F869D540 /* Pods-LivePhotos.release.xcconfig */,
			);
			path = Pods;
			sourceTree = "<group>";
		};
/* End PBXGroup section */

/* Begin PBXNativeTarget section */
		97348FF823CB5391006D8F16 /* LivePhotos */ = {
			isa = PBXNativeTarget;
			buildConfigurationList = 9734900D23CB5393006D8F16 /* Build configuration list for PBXNativeTarget "LivePhotos" */;
			buildPhases = (
				C4213BE0C2E2CD229AB4DCBF /* [CP] Check Pods Manifest.lock */,
				97348FF523CB5391006D8F16 /* Sources */,
				97348FF623CB5391006D8F16 /* Frameworks */,
				97348FF723CB5391006D8F16 /* Resources */,
				7B5D3C6331D55BB588F195F0 /* [CP] Embed Pods Frameworks */,
			);
			buildRules = (
			);
			dependencies = (
			);
			name = LivePhotos;
			productName = LivePhotos;
			productReference = 97348FF923CB5391006D8F16 /* LivePhotos.app */;
			productType = "com.apple.product-type.application";
		};
/* End PBXNativeTarget section */

/* Begin PBXProject section */
		97348FF123CB5391006D8F16 /* Project object */ = {
			isa = PBXProject;
			attributes = {
				LastSwiftUpdateCheck = 1110;
				LastUpgradeCheck = 1110;
				ORGANIZATIONNAME = Vinso;
				TargetAttributes = {
					97348FF823CB5391006D8F16 = {
						CreatedOnToolsVersion = 11.1;
					};
				};
			};
			buildConfigurationList = 97348FF423CB5391006D8F16 /* Build configuration list for PBXProject "LivePhotos" */;
			compatibilityVersion = "Xcode 9.3";
			developmentRegion = en;
			hasScannedForEncodings = 0;
			knownRegions = (
				en,
				Base,
			);
			mainGroup = 97348FF023CB5391006D8F16;
			productRefGroup = 97348FFA23CB5391006D8F16 /* Products */;
			projectDirPath = "";
			projectRoot = "";
			targets = (
				97348FF823CB5391006D8F16 /* LivePhotos */,
			);
		};
/* End PBXProject section */

/* Begin PBXResourcesBuildPhase section */
		97348FF723CB5391006D8F16 /* Resources */ = {
			isa = PBXResourcesBuildPhase;
			buildActionMask = 2147483647;
			files = (
				2084E52423CD22420018358E /* Localizable.strings in Resources */,
				209BD17623D0232A009E4E85 /* 12e56c1d1137fb114e360b7a9970f3f9.JPG in Resources */,
				20DEF55D23CFA3AB00560EF0 /* 12e56c1d1137fb114e360b7a9970f3f9.mov in Resources */,
				9734900923CB5393006D8F16 /* LaunchScreen.storyboard in Resources */,
				9734900623CB5393006D8F16 /* Assets.xcassets in Resources */,
				975BE60123DDDC5F0003AD38 /* LPHomeViewController.xib in Resources */,
				975BE60023DDDC5F0003AD38 /* LPPhotoViewCell.xib in Resources */,
				209BD17523D0232A009E4E85 /* 709e38db7637c2bd20f35073a96a45cc.JPG in Resources */,
				97A4692223DC846F00B26733 /* LSAssetsList.plist in Resources */,
				97179CF423DDE68B00625DA8 /* LPManagePhotoView.xib in Resources */,
				20DEF55C23CFA3AB00560EF0 /* 709e38db7637c2bd20f35073a96a45cc.mov in Resources */,
			);
			runOnlyForDeploymentPostprocessing = 0;
		};
/* End PBXResourcesBuildPhase section */

/* Begin PBXShellScriptBuildPhase section */
		7B5D3C6331D55BB588F195F0 /* [CP] Embed Pods Frameworks */ = {
			isa = PBXShellScriptBuildPhase;
			buildActionMask = 2147483647;
			files = (
			);
			inputFileListPaths = (
				"${PODS_ROOT}/Target Support Files/Pods-LivePhotos/Pods-LivePhotos-frameworks-${CONFIGURATION}-input-files.xcfilelist",
			);
			name = "[CP] Embed Pods Frameworks";
			outputFileListPaths = (
				"${PODS_ROOT}/Target Support Files/Pods-LivePhotos/Pods-LivePhotos-frameworks-${CONFIGURATION}-output-files.xcfilelist",
			);
			runOnlyForDeploymentPostprocessing = 0;
			shellPath = /bin/sh;
			shellScript = "\"${PODS_ROOT}/Target Support Files/Pods-LivePhotos/Pods-LivePhotos-frameworks.sh\"\n";
			showEnvVarsInLog = 0;
		};
		C4213BE0C2E2CD229AB4DCBF /* [CP] Check Pods Manifest.lock */ = {
			isa = PBXShellScriptBuildPhase;
			buildActionMask = 2147483647;
			files = (
			);
			inputFileListPaths = (
			);
			inputPaths = (
				"${PODS_PODFILE_DIR_PATH}/Podfile.lock",
				"${PODS_ROOT}/Manifest.lock",
			);
			name = "[CP] Check Pods Manifest.lock";
			outputFileListPaths = (
			);
			outputPaths = (
				"$(DERIVED_FILE_DIR)/Pods-LivePhotos-checkManifestLockResult.txt",
			);
			runOnlyForDeploymentPostprocessing = 0;
			shellPath = /bin/sh;
			shellScript = "diff \"${PODS_PODFILE_DIR_PATH}/Podfile.lock\" \"${PODS_ROOT}/Manifest.lock\" > /dev/null\nif [ $? != 0 ] ; then\n    # print error to STDERR\n    echo \"error: The sandbox is not in sync with the Podfile.lock. Run 'pod install' or update your CocoaPods installation.\" >&2\n    exit 1\nfi\n# This output is used by Xcode 'outputs' to avoid re-running this script phase.\necho \"SUCCESS\" > \"${SCRIPT_OUTPUT_FILE_0}\"\n";
			showEnvVarsInLog = 0;
		};
/* End PBXShellScriptBuildPhase section */

/* Begin PBXSourcesBuildPhase section */
		97348FF523CB5391006D8F16 /* Sources */ = {
			isa = PBXSourcesBuildPhase;
			buildActionMask = 2147483647;
			files = (
				97C4476523CB8DD1009F22B5 /* UIViewController+Ext.swift in Sources */,
				975BE5FE23DDDC5F0003AD38 /* LPLivePhotoView.swift in Sources */,
				97C4475823CB84F1009F22B5 /* LPPhotosService.swift in Sources */,
				2084E52023CD207D0018358E /* Date+Ext.swift in Sources */,
				97C4475A23CB870E009F22B5 /* LPLiveAsset.swift in Sources */,
				975BE5FD23DDDC5F0003AD38 /* LPHomeViewModel.swift in Sources */,
				975BE60323DDDC5F0003AD38 /* LPHomeViewController.swift in Sources */,
				97A4692A23DC9EB000B26733 /* LPConstants.swift in Sources */,
				97A4691923DC7C5700B26733 /* LPLivePhotoError.swift in Sources */,
				975BE60423DDDC5F0003AD38 /* LPHomeDependencyContainer.swift in Sources */,
				97A4691E23DC7DF800B26733 /* LPLocalPhotosStorage.swift in Sources */,
				975BE5EE23DDCD880003AD38 /* UICollectionView+Ext.swift in Sources */,
				9734901123CB5672006D8F16 /* LPBaseViewController.swift in Sources */,
				97A4691B23DC7DC900B26733 /* LPPhotosStorage.swift in Sources */,
				97C4475F23CB8743009F22B5 /* LPLocalLivePhotosService.swift in Sources */,
				97348FFD23CB5391006D8F16 /* AppDelegate.swift in Sources */,
				2084E52223CD21930018358E /* LPErrorTraits.swift in Sources */,
				97179CF623DDEC5E00625DA8 /* LPHomeViewModelAble.swift in Sources */,
				975BE5E423DDC16E0003AD38 /* LPPhotosRepository.swift in Sources */,
				2084E51723CD1E330018358E /* LPErrorMessage.swift in Sources */,
				2084E52823CD35E60018358E /* UIView+Ext.swift in Sources */,
				2084E51E23CD204F0018358E /* Logger.swift in Sources */,
				975BE5FF23DDDC5F0003AD38 /* LPPhotoViewCell.swift in Sources */,
				97C4474F23CB66E7009F22B5 /* LPBaseView.swift in Sources */,
				975BE60223DDDC5F0003AD38 /* LPHomeRootView.swift in Sources */,
				97A4692823DC9A2A00B26733 /* LivePhoto.swift in Sources */,
				97179CF223DDE68500625DA8 /* LPManagePhotoView.swift in Sources */,
				97C4474823CB663D009F22B5 /* LPRootableViewController.swift in Sources */,
				2084E51C23CD1E6E0018358E /* String+Ext.swift in Sources */,
				97C4476123CB8A05009F22B5 /* LPBaseNavigationController.swift in Sources */,
			);
			runOnlyForDeploymentPostprocessing = 0;
		};
/* End PBXSourcesBuildPhase section */

/* Begin PBXVariantGroup section */
		9734900723CB5393006D8F16 /* LaunchScreen.storyboard */ = {
			isa = PBXVariantGroup;
			children = (
				9734900823CB5393006D8F16 /* Base */,
			);
			name = LaunchScreen.storyboard;
			sourceTree = "<group>";
		};
/* End PBXVariantGroup section */

/* Begin XCBuildConfiguration section */
		9734900B23CB5393006D8F16 /* Debug */ = {
			isa = XCBuildConfiguration;
			buildSettings = {
				ALWAYS_SEARCH_USER_PATHS = NO;
				CLANG_ANALYZER_NONNULL = YES;
				CLANG_ANALYZER_NUMBER_OBJECT_CONVERSION = YES_AGGRESSIVE;
				CLANG_CXX_LANGUAGE_STANDARD = "gnu++14";
				CLANG_CXX_LIBRARY = "libc++";
				CLANG_ENABLE_MODULES = YES;
				CLANG_ENABLE_OBJC_ARC = YES;
				CLANG_ENABLE_OBJC_WEAK = YES;
				CLANG_WARN_BLOCK_CAPTURE_AUTORELEASING = YES;
				CLANG_WARN_BOOL_CONVERSION = YES;
				CLANG_WARN_COMMA = YES;
				CLANG_WARN_CONSTANT_CONVERSION = YES;
				CLANG_WARN_DEPRECATED_OBJC_IMPLEMENTATIONS = YES;
				CLANG_WARN_DIRECT_OBJC_ISA_USAGE = YES_ERROR;
				CLANG_WARN_DOCUMENTATION_COMMENTS = YES;
				CLANG_WARN_EMPTY_BODY = YES;
				CLANG_WARN_ENUM_CONVERSION = YES;
				CLANG_WARN_INFINITE_RECURSION = YES;
				CLANG_WARN_INT_CONVERSION = YES;
				CLANG_WARN_NON_LITERAL_NULL_CONVERSION = YES;
				CLANG_WARN_OBJC_IMPLICIT_RETAIN_SELF = YES;
				CLANG_WARN_OBJC_LITERAL_CONVERSION = YES;
				CLANG_WARN_OBJC_ROOT_CLASS = YES_ERROR;
				CLANG_WARN_RANGE_LOOP_ANALYSIS = YES;
				CLANG_WARN_STRICT_PROTOTYPES = YES;
				CLANG_WARN_SUSPICIOUS_MOVE = YES;
				CLANG_WARN_UNGUARDED_AVAILABILITY = YES_AGGRESSIVE;
				CLANG_WARN_UNREACHABLE_CODE = YES;
				CLANG_WARN__DUPLICATE_METHOD_MATCH = YES;
				COPY_PHASE_STRIP = NO;
				DEBUG_INFORMATION_FORMAT = dwarf;
				ENABLE_STRICT_OBJC_MSGSEND = YES;
				ENABLE_TESTABILITY = YES;
				GCC_C_LANGUAGE_STANDARD = gnu11;
				GCC_DYNAMIC_NO_PIC = NO;
				GCC_NO_COMMON_BLOCKS = YES;
				GCC_OPTIMIZATION_LEVEL = 0;
				GCC_PREPROCESSOR_DEFINITIONS = (
					"DEBUG=1",
					"$(inherited)",
				);
				GCC_WARN_64_TO_32_BIT_CONVERSION = YES;
				GCC_WARN_ABOUT_RETURN_TYPE = YES_ERROR;
				GCC_WARN_UNDECLARED_SELECTOR = YES;
				GCC_WARN_UNINITIALIZED_AUTOS = YES_AGGRESSIVE;
				GCC_WARN_UNUSED_FUNCTION = YES;
				GCC_WARN_UNUSED_VARIABLE = YES;
				IPHONEOS_DEPLOYMENT_TARGET = 11.0;
				MTL_ENABLE_DEBUG_INFO = INCLUDE_SOURCE;
				MTL_FAST_MATH = YES;
				ONLY_ACTIVE_ARCH = YES;
				SDKROOT = iphoneos;
				SWIFT_ACTIVE_COMPILATION_CONDITIONS = DEBUG;
				SWIFT_OPTIMIZATION_LEVEL = "-Onone";
			};
			name = Debug;
		};
		9734900C23CB5393006D8F16 /* Release */ = {
			isa = XCBuildConfiguration;
			buildSettings = {
				ALWAYS_SEARCH_USER_PATHS = NO;
				CLANG_ANALYZER_NONNULL = YES;
				CLANG_ANALYZER_NUMBER_OBJECT_CONVERSION = YES_AGGRESSIVE;
				CLANG_CXX_LANGUAGE_STANDARD = "gnu++14";
				CLANG_CXX_LIBRARY = "libc++";
				CLANG_ENABLE_MODULES = YES;
				CLANG_ENABLE_OBJC_ARC = YES;
				CLANG_ENABLE_OBJC_WEAK = YES;
				CLANG_WARN_BLOCK_CAPTURE_AUTORELEASING = YES;
				CLANG_WARN_BOOL_CONVERSION = YES;
				CLANG_WARN_COMMA = YES;
				CLANG_WARN_CONSTANT_CONVERSION = YES;
				CLANG_WARN_DEPRECATED_OBJC_IMPLEMENTATIONS = YES;
				CLANG_WARN_DIRECT_OBJC_ISA_USAGE = YES_ERROR;
				CLANG_WARN_DOCUMENTATION_COMMENTS = YES;
				CLANG_WARN_EMPTY_BODY = YES;
				CLANG_WARN_ENUM_CONVERSION = YES;
				CLANG_WARN_INFINITE_RECURSION = YES;
				CLANG_WARN_INT_CONVERSION = YES;
				CLANG_WARN_NON_LITERAL_NULL_CONVERSION = YES;
				CLANG_WARN_OBJC_IMPLICIT_RETAIN_SELF = YES;
				CLANG_WARN_OBJC_LITERAL_CONVERSION = YES;
				CLANG_WARN_OBJC_ROOT_CLASS = YES_ERROR;
				CLANG_WARN_RANGE_LOOP_ANALYSIS = YES;
				CLANG_WARN_STRICT_PROTOTYPES = YES;
				CLANG_WARN_SUSPICIOUS_MOVE = YES;
				CLANG_WARN_UNGUARDED_AVAILABILITY = YES_AGGRESSIVE;
				CLANG_WARN_UNREACHABLE_CODE = YES;
				CLANG_WARN__DUPLICATE_METHOD_MATCH = YES;
				COPY_PHASE_STRIP = NO;
				DEBUG_INFORMATION_FORMAT = "dwarf-with-dsym";
				ENABLE_NS_ASSERTIONS = NO;
				ENABLE_STRICT_OBJC_MSGSEND = YES;
				GCC_C_LANGUAGE_STANDARD = gnu11;
				GCC_NO_COMMON_BLOCKS = YES;
				GCC_WARN_64_TO_32_BIT_CONVERSION = YES;
				GCC_WARN_ABOUT_RETURN_TYPE = YES_ERROR;
				GCC_WARN_UNDECLARED_SELECTOR = YES;
				GCC_WARN_UNINITIALIZED_AUTOS = YES_AGGRESSIVE;
				GCC_WARN_UNUSED_FUNCTION = YES;
				GCC_WARN_UNUSED_VARIABLE = YES;
				IPHONEOS_DEPLOYMENT_TARGET = 11.0;
				MTL_ENABLE_DEBUG_INFO = NO;
				MTL_FAST_MATH = YES;
				SDKROOT = iphoneos;
				SWIFT_COMPILATION_MODE = wholemodule;
				SWIFT_OPTIMIZATION_LEVEL = "-O";
				VALIDATE_PRODUCT = YES;
			};
			name = Release;
		};
		9734900E23CB5393006D8F16 /* Debug */ = {
			isa = XCBuildConfiguration;
			baseConfigurationReference = E0E2867EC957F36950B337D3 /* Pods-LivePhotos.debug.xcconfig */;
			buildSettings = {
				ASSETCATALOG_COMPILER_APPICON_NAME = AppIcon;
				CODE_SIGN_IDENTITY = "Apple Development";
				CODE_SIGN_STYLE = Automatic;
				DEVELOPMENT_TEAM = RQ8948VJT6;
				INFOPLIST_FILE = LivePhotos/Resources/Info.plist;
				IPHONEOS_DEPLOYMENT_TARGET = 11.0;
				LD_RUNPATH_SEARCH_PATHS = (
					"$(inherited)",
					"@executable_path/Frameworks",
				);
				PRODUCT_BUNDLE_IDENTIFIER = com.vinso.LivePhotos;
				PRODUCT_NAME = "$(TARGET_NAME)";
				PROVISIONING_PROFILE_SPECIFIER = "";
				SWIFT_VERSION = 5.0;
				TARGETED_DEVICE_FAMILY = 1;
			};
			name = Debug;
		};
		9734900F23CB5393006D8F16 /* Release */ = {
			isa = XCBuildConfiguration;
			baseConfigurationReference = A4BC692A31E3AB01F869D540 /* Pods-LivePhotos.release.xcconfig */;
			buildSettings = {
				ASSETCATALOG_COMPILER_APPICON_NAME = AppIcon;
				CODE_SIGN_IDENTITY = "Apple Development";
				CODE_SIGN_STYLE = Automatic;
				DEVELOPMENT_TEAM = RQ8948VJT6;
				INFOPLIST_FILE = LivePhotos/Resources/Info.plist;
				IPHONEOS_DEPLOYMENT_TARGET = 11.0;
				LD_RUNPATH_SEARCH_PATHS = (
					"$(inherited)",
					"@executable_path/Frameworks",
				);
				PRODUCT_BUNDLE_IDENTIFIER = com.vinso.LivePhotos;
				PRODUCT_NAME = "$(TARGET_NAME)";
				PROVISIONING_PROFILE_SPECIFIER = "";
				SWIFT_VERSION = 5.0;
				TARGETED_DEVICE_FAMILY = 1;
			};
			name = Release;
		};
/* End XCBuildConfiguration section */

/* Begin XCConfigurationList section */
		97348FF423CB5391006D8F16 /* Build configuration list for PBXProject "LivePhotos" */ = {
			isa = XCConfigurationList;
			buildConfigurations = (
				9734900B23CB5393006D8F16 /* Debug */,
				9734900C23CB5393006D8F16 /* Release */,
			);
			defaultConfigurationIsVisible = 0;
			defaultConfigurationName = Release;
		};
		9734900D23CB5393006D8F16 /* Build configuration list for PBXNativeTarget "LivePhotos" */ = {
			isa = XCConfigurationList;
			buildConfigurations = (
				9734900E23CB5393006D8F16 /* Debug */,
				9734900F23CB5393006D8F16 /* Release */,
			);
			defaultConfigurationIsVisible = 0;
			defaultConfigurationName = Release;
		};
/* End XCConfigurationList section */
	};
	rootObject = 97348FF123CB5391006D8F16 /* Project object */;
}
